{
  "name": "react-ts-to-markdown",
  "version": "1.0.5",
  "lockfileVersion": 1,
  "requires": true,
  "dependencies": {
    "@types/unist": {
      "version": "2.0.6",
      "resolved": "https://registry.nlark.com/@types/unist/download/@types/unist-2.0.6.tgz?cache=0&sync_timestamp=1629709923174&other_urls=https%3A%2F%2Fregistry.nlark.com%2F%40types%2Funist%2Fdownload%2F%40types%2Funist-2.0.6.tgz",
      "integrity": "sha1-JQp7FsO5H2cqJFUuxkZ47rHToI0="
    },
    "ansi-regex": {
      "version": "5.0.0",
      "resolved": "https://registry.nlark.com/ansi-regex/download/ansi-regex-5.0.0.tgz",
      "integrity": "sha1-OIU59VF5vzkznIGvMKZU1p+Hy3U="
    },
    "ansi-styles": {
      "version": "4.3.0",
      "resolved": "https://registry.nlark.com/ansi-styles/download/ansi-styles-4.3.0.tgz",
      "integrity": "sha1-7dgDYornHATIWuegkG7a00tkiTc=",
      "requires": {
        "color-convert": "^2.0.1"
      }
    },
    "bail": {
      "version": "1.0.5",
      "resolved": "https://registry.nlark.com/bail/download/bail-1.0.5.tgz?cache=0&other_urls=https%3A%2F%2Fregistry.nlark.com%2Fbail%2Fdownload%2Fbail-1.0.5.tgz",
      "integrity": "sha1-tvoTNASjksvB+MS/Y/WVM1Hnp3Y="
    },
    "base64-js": {
      "version": "1.5.1",
      "resolved": "https://registry.npm.taobao.org/base64-js/download/base64-js-1.5.1.tgz?cache=0&sync_timestamp=1605123435820&other_urls=https%3A%2F%2Fregistry.npm.taobao.org%2Fbase64-js%2Fdownload%2Fbase64-js-1.5.1.tgz",
      "integrity": "sha1-GxtEAWClv3rUC2UPCVljSBkDkwo="
    },
    "bl": {
      "version": "4.1.0",
      "resolved": "https://registry.nlark.com/bl/download/bl-4.1.0.tgz",
      "integrity": "sha1-RRU1JkGCvsL7vIOmKrmM8R2fezo=",
      "requires": {
        "buffer": "^5.5.0",
        "inherits": "^2.0.4",
        "readable-stream": "^3.4.0"
      }
    },
    "buffer": {
      "version": "5.7.1",
      "resolved": "https://registry.npm.taobao.org/buffer/download/buffer-5.7.1.tgz?cache=0&sync_timestamp=1606100028612&other_urls=https%3A%2F%2Fregistry.npm.taobao.org%2Fbuffer%2Fdownload%2Fbuffer-5.7.1.tgz",
      "integrity": "sha1-umLnwTEzBTWCGXFghRqPZI6Z7tA=",
      "requires": {
        "base64-js": "^1.3.1",
        "ieee754": "^1.1.13"
      }
    },
    "ccount": {
      "version": "1.1.0",
      "resolved": "https://registry.npm.taobao.org/ccount/download/ccount-1.1.0.tgz",
      "integrity": "sha1-JGaH3rtgFHNRMb6KurLZOJj40EM="
    },
    "chalk": {
      "version": "4.1.0",
      "resolved": "https://registry.nlark.com/chalk/download/chalk-4.1.0.tgz?cache=0&sync_timestamp=1627646734234&other_urls=https%3A%2F%2Fregistry.nlark.com%2Fchalk%2Fdownload%2Fchalk-4.1.0.tgz",
      "integrity": "sha1-ThSHCmGNni7dl92DRf2dncMVZGo=",
      "requires": {
        "ansi-styles": "^4.1.0",
        "supports-color": "^7.1.0"
      }
    },
    "character-entities": {
      "version": "1.2.4",
      "resolved": "https://registry.npm.taobao.org/character-entities/download/character-entities-1.2.4.tgz?cache=0&sync_timestamp=1615197519120&other_urls=https%3A%2F%2Fregistry.npm.taobao.org%2Fcharacter-entities%2Fdownload%2Fcharacter-entities-1.2.4.tgz",
      "integrity": "sha1-4Sw5Obfq9OWxXnrUxeKOHUjFsWs="
    },
    "character-entities-html4": {
      "version": "1.1.4",
      "resolved": "https://registry.npm.taobao.org/character-entities-html4/download/character-entities-html4-1.1.4.tgz?cache=0&sync_timestamp=1615375704372&other_urls=https%3A%2F%2Fregistry.npm.taobao.org%2Fcharacter-entities-html4%2Fdownload%2Fcharacter-entities-html4-1.1.4.tgz",
      "integrity": "sha1-DmSwo3U92/H9wETF/QHQGZoC4SU="
    },
    "character-entities-legacy": {
      "version": "1.1.4",
      "resolved": "https://registry.npm.taobao.org/character-entities-legacy/download/character-entities-legacy-1.1.4.tgz",
      "integrity": "sha1-lLwYRdznClu50uzHSHJWYSk9j8E="
    },
    "character-reference-invalid": {
      "version": "1.1.4",
      "resolved": "https://registry.npm.taobao.org/character-reference-invalid/download/character-reference-invalid-1.1.4.tgz?cache=0&sync_timestamp=1615289617203&other_urls=https%3A%2F%2Fregistry.npm.taobao.org%2Fcharacter-reference-invalid%2Fdownload%2Fcharacter-reference-invalid-1.1.4.tgz",
      "integrity": "sha1-CDMpzaDq4nKrPbvzfpo4LBOvFWA="
    },
    "cli-cursor": {
      "version": "3.1.0",
      "resolved": "https://registry.nlark.com/cli-cursor/download/cli-cursor-3.1.0.tgz?cache=0&sync_timestamp=1629747506749&other_urls=https%3A%2F%2Fregistry.nlark.com%2Fcli-cursor%2Fdownload%2Fcli-cursor-3.1.0.tgz",
      "integrity": "sha1-JkMFp65JDR0Dvwybp8kl0XU68wc=",
      "requires": {
        "restore-cursor": "^3.1.0"
      }
    },
    "cli-spinners": {
      "version": "2.6.0",
      "resolved": "https://registry.npm.taobao.org/cli-spinners/download/cli-spinners-2.6.0.tgz",
      "integrity": "sha1-NsfcmPtqmna9YjjsP3fiQlYn6Tk="
    },
    "clone": {
      "version": "1.0.4",
      "resolved": "https://registry.npm.taobao.org/clone/download/clone-1.0.4.tgz",
      "integrity": "sha1-2jCcwmPfFZlMaIypAheco8fNfH4="
    },
    "color-convert": {
      "version": "2.0.1",
      "resolved": "https://registry.npm.taobao.org/color-convert/download/color-convert-2.0.1.tgz",
      "integrity": "sha1-ctOmjVmMm9s68q0ehPIdiWq9TeM=",
      "requires": {
        "color-name": "~1.1.4"
      }
    },
    "color-name": {
      "version": "1.1.4",
      "resolved": "https://registry.npm.taobao.org/color-name/download/color-name-1.1.4.tgz",
      "integrity": "sha1-wqCah6y95pVD3m9j+jmVyCbFNqI="
    },
    "commander": {
      "version": "3.0.2",
      "resolved": "https://registry.nlark.com/commander/download/commander-3.0.2.tgz?cache=0&sync_timestamp=1627359190297&other_urls=https%3A%2F%2Fregistry.nlark.com%2Fcommander%2Fdownload%2Fcommander-3.0.2.tgz",
      "integrity": "sha1-aDfD+2d62ZM9HPukLdFNURfWs54="
    },
    "defaults": {
      "version": "1.0.3",
      "resolved": "https://registry.npm.taobao.org/defaults/download/defaults-1.0.3.tgz",
      "integrity": "sha1-xlYFHpgX2f8I7YgUd/P+QBnz730=",
      "requires": {
        "clone": "^1.0.2"
      }
    },
    "emoji-regex": {
      "version": "8.0.0",
      "resolved": "https://registry.npm.taobao.org/emoji-regex/download/emoji-regex-8.0.0.tgz?cache=0&sync_timestamp=1614682920696&other_urls=https%3A%2F%2Fregistry.npm.taobao.org%2Femoji-regex%2Fdownload%2Femoji-regex-8.0.0.tgz",
      "integrity": "sha1-6Bj9ac5cz8tARZT4QpY79TFkzDc="
    },
    "extend": {
      "version": "3.0.2",
      "resolved": "https://registry.npm.taobao.org/extend/download/extend-3.0.2.tgz",
      "integrity": "sha1-+LETa0Bx+9jrFAr/hYsQGewpFfo="
    },
    "has-flag": {
      "version": "4.0.0",
      "resolved": "https://registry.nlark.com/has-flag/download/has-flag-4.0.0.tgz",
      "integrity": "sha1-lEdx/ZyByBJlxNaUGGDaBrtZR5s="
    },
    "ieee754": {
      "version": "1.2.1",
      "resolved": "https://registry.npm.taobao.org/ieee754/download/ieee754-1.2.1.tgz?cache=0&sync_timestamp=1603838617503&other_urls=https%3A%2F%2Fregistry.npm.taobao.org%2Fieee754%2Fdownload%2Fieee754-1.2.1.tgz",
      "integrity": "sha1-jrehCmP/8l0VpXsAFYbRd9Gw01I="
    },
    "inherits": {
      "version": "2.0.4",
      "resolved": "https://registry.npm.taobao.org/inherits/download/inherits-2.0.4.tgz",
      "integrity": "sha1-D6LGT5MpF8NDOg3tVTY6rjdBa3w="
    },
    "is-alphabetical": {
      "version": "1.0.4",
      "resolved": "https://registry.npm.taobao.org/is-alphabetical/download/is-alphabetical-1.0.4.tgz?cache=0&sync_timestamp=1615453731641&other_urls=https%3A%2F%2Fregistry.npm.taobao.org%2Fis-alphabetical%2Fdownload%2Fis-alphabetical-1.0.4.tgz",
      "integrity": "sha1-nn1rlJFr4iFTdF0YTCmMv5hqaG0="
    },
    "is-alphanumeric": {
      "version": "1.0.0",
      "resolved": "https://registry.npm.taobao.org/is-alphanumeric/download/is-alphanumeric-1.0.0.tgz",
      "integrity": "sha1-Spzvcdr0wAHB2B1j0UDPU/1oifQ="
    },
    "is-alphanumerical": {
      "version": "1.0.4",
      "resolved": "https://registry.npm.taobao.org/is-alphanumerical/download/is-alphanumerical-1.0.4.tgz?cache=0&sync_timestamp=1615453958702&other_urls=https%3A%2F%2Fregistry.npm.taobao.org%2Fis-alphanumerical%2Fdownload%2Fis-alphanumerical-1.0.4.tgz",
      "integrity": "sha1-frmiQx+FX2se8aeOMm31FWlsTb8=",
      "requires": {
        "is-alphabetical": "^1.0.0",
        "is-decimal": "^1.0.0"
      }
    },
    "is-buffer": {
      "version": "2.0.5",
      "resolved": "https://registry.npm.taobao.org/is-buffer/download/is-buffer-2.0.5.tgz?cache=0&other_urls=https%3A%2F%2Fregistry.npm.taobao.org%2Fis-buffer%2Fdownload%2Fis-buffer-2.0.5.tgz",
      "integrity": "sha1-68JS5ADSL/jXf6CYiIIaJKZYwZE="
    },
    "is-decimal": {
      "version": "1.0.4",
      "resolved": "https://registry.npm.taobao.org/is-decimal/download/is-decimal-1.0.4.tgz?cache=0&sync_timestamp=1615453959001&other_urls=https%3A%2F%2Fregistry.npm.taobao.org%2Fis-decimal%2Fdownload%2Fis-decimal-1.0.4.tgz",
      "integrity": "sha1-ZaOllYocW2OnBuGzM9fNn2MNP6U="
    },
    "is-fullwidth-code-point": {
      "version": "3.0.0",
      "resolved": "https://registry.nlark.com/is-fullwidth-code-point/download/is-fullwidth-code-point-3.0.0.tgz",
      "integrity": "sha1-8Rb4Bk/pCz94RKOJl8C3UFEmnx0="
    },
    "is-hexadecimal": {
      "version": "1.0.4",
      "resolved": "https://registry.npm.taobao.org/is-hexadecimal/download/is-hexadecimal-1.0.4.tgz?cache=0&sync_timestamp=1615464839855&other_urls=https%3A%2F%2Fregistry.npm.taobao.org%2Fis-hexadecimal%2Fdownload%2Fis-hexadecimal-1.0.4.tgz",
      "integrity": "sha1-zDXJdYjaS9Saju3WvECC1E3LI6c="
    },
    "is-interactive": {
      "version": "1.0.0",
      "resolved": "https://registry.nlark.com/is-interactive/download/is-interactive-1.0.0.tgz",
      "integrity": "sha1-zqbmrlyHCnsKAAQHC3tYfgJSkS4="
    },
    "is-plain-obj": {
      "version": "2.1.0",
      "resolved": "https://registry.nlark.com/is-plain-obj/download/is-plain-obj-2.1.0.tgz",
      "integrity": "sha1-ReQuN/zPH0Dajl927iFRWEDAkoc="
    },
    "is-unicode-supported": {
      "version": "0.1.0",
      "resolved": "https://registry.nlark.com/is-unicode-supported/download/is-unicode-supported-0.1.0.tgz",
      "integrity": "sha1-PybHaoCVk7Ur+i7LVxDtJ3m1Iqc="
    },
    "is-whitespace-character": {
      "version": "1.0.4",
      "resolved": "https://registry.npm.taobao.org/is-whitespace-character/download/is-whitespace-character-1.0.4.tgz",
      "integrity": "sha1-CFjt2UqVWUx8ndC1wXTsbkXuSqc="
    },
    "log-symbols": {
      "version": "4.1.0",
      "resolved": "https://registry.npm.taobao.org/log-symbols/download/log-symbols-4.1.0.tgz",
      "integrity": "sha1-P727lbRoOsn8eFER55LlWNSr1QM=",
      "requires": {
        "chalk": "^4.1.0",
        "is-unicode-supported": "^0.1.0"
      }
    },
    "longest-streak": {
      "version": "2.0.4",
      "resolved": "https://registry.npm.taobao.org/longest-streak/download/longest-streak-2.0.4.tgz?cache=0&sync_timestamp=1615193481278&other_urls=https%3A%2F%2Fregistry.npm.taobao.org%2Flongest-streak%2Fdownload%2Flongest-streak-2.0.4.tgz",
      "integrity": "sha1-uFmZV9pbXatk3uP+MW+ndFl9kOQ="
    },
    "markdown-escapes": {
      "version": "1.0.4",
      "resolved": "https://registry.npm.taobao.org/markdown-escapes/download/markdown-escapes-1.0.4.tgz?cache=0&sync_timestamp=1615301618148&other_urls=https%3A%2F%2Fregistry.npm.taobao.org%2Fmarkdown-escapes%2Fdownload%2Fmarkdown-escapes-1.0.4.tgz",
      "integrity": "sha1-yVQV70UUmddgK5EJXzyOiXX3hTU="
    },
    "markdown-table": {
      "version": "2.0.0",
      "resolved": "https://registry.nlark.com/markdown-table/download/markdown-table-2.0.0.tgz",
      "integrity": "sha1-GUqQztJtMf51PYuUNEMCFMARhls=",
      "requires": {
        "repeat-string": "^1.0.0"
      }
    },
    "mdast": {
      "version": "3.0.0",
      "resolved": "https://registry.npm.taobao.org/mdast/download/mdast-3.0.0.tgz",
      "integrity": "sha1-YmvOlgPtQ/tvsFMkWm5KF/RFeqg="
    },
    "mdast-builder": {
      "version": "1.1.1",
      "resolved": "https://registry.npm.taobao.org/mdast-builder/download/mdast-builder-1.1.1.tgz",
      "integrity": "sha1-zKql6tjsnGmIPsh9KJdwVp5LSbI=",
      "requires": {
        "@types/unist": "^2.0.3"
      }
    },
    "mdast-util-compact": {
      "version": "2.0.1",
      "resolved": "https://registry.nlark.com/mdast-util-compact/download/mdast-util-compact-2.0.1.tgz?cache=0&sync_timestamp=1627635944499&other_urls=https%3A%2F%2Fregistry.nlark.com%2Fmdast-util-compact%2Fdownload%2Fmdast-util-compact-2.0.1.tgz",
      "integrity": "sha1-yrxpovQxA2KDJvNbGs9zXVXJlJA=",
      "requires": {
        "unist-util-visit": "^2.0.0"
      }
    },
    "mimic-fn": {
      "version": "2.1.0",
      "resolved": "https://registry.npm.taobao.org/mimic-fn/download/mimic-fn-2.1.0.tgz?cache=0&sync_timestamp=1617823674050&other_urls=https%3A%2F%2Fregistry.npm.taobao.org%2Fmimic-fn%2Fdownload%2Fmimic-fn-2.1.0.tgz",
      "integrity": "sha1-ftLCzMyvhNP/y3pptXcR/CCDQBs="
    },
    "onetime": {
      "version": "5.1.2",
      "resolved": "https://registry.npm.taobao.org/onetime/download/onetime-5.1.2.tgz",
      "integrity": "sha1-0Oluu1awdHbfHdnEgG5SN5hcpF4=",
      "requires": {
        "mimic-fn": "^2.1.0"
      }
    },
    "ora": {
      "version": "5.4.0",
      "resolved": "https://registry.nlark.com/ora/download/ora-5.4.0.tgz?cache=0&sync_timestamp=1629755504079&other_urls=https%3A%2F%2Fregistry.nlark.com%2Fora%2Fdownload%2Fora-5.4.0.tgz",
      "integrity": "sha1-Qu2khVg1uc0U0zhkyXo8laP1a/Q=",
      "requires": {
        "bl": "^4.1.0",
        "chalk": "^4.1.0",
        "cli-cursor": "^3.1.0",
        "cli-spinners": "^2.5.0",
        "is-interactive": "^1.0.0",
        "is-unicode-supported": "^0.1.0",
        "log-symbols": "^4.1.0",
        "strip-ansi": "^6.0.0",
        "wcwidth": "^1.0.1"
      }
    },
    "parse-entities": {
      "version": "2.0.0",
      "resolved": "https://registry.npm.taobao.org/parse-entities/download/parse-entities-2.0.0.tgz",
      "integrity": "sha1-U8brW5MUofTsmfoP33zgHs2gy+g=",
      "requires": {
        "character-entities": "^1.0.0",
        "character-entities-legacy": "^1.0.0",
        "character-reference-invalid": "^1.0.0",
        "is-alphanumerical": "^1.0.0",
        "is-decimal": "^1.0.0",
        "is-hexadecimal": "^1.0.0"
      }
    },
    "path": {
      "version": "0.12.7",
      "resolved": "https://registry.npm.taobao.org/path/download/path-0.12.7.tgz",
      "integrity": "sha1-1NwqUGxM4hl+tIHr/NWzbAFAsQ8=",
      "requires": {
        "process": "^0.11.1",
        "util": "^0.10.3"
      }
    },
    "process": {
      "version": "0.11.10",
      "resolved": "https://registry.npm.taobao.org/process/download/process-0.11.10.tgz",
      "integrity": "sha1-czIwDoQBYb2j5podHZGn1LwW8YI="
    },
    "react-docgen-typescript": {
      "version": "1.21.0",
      "resolved": "https://registry.nlark.com/react-docgen-typescript/download/react-docgen-typescript-1.21.0.tgz",
      "integrity": "sha1-M4Xd6Btj6x1U+GqTW9T2X5bIIfY="
    },
    "react-docgen-typescript-markdown-render": {
      "version": "0.2.5",
      "resolved": "https://registry.npm.taobao.org/react-docgen-typescript-markdown-render/download/react-docgen-typescript-markdown-render-0.2.5.tgz",
      "integrity": "sha1-0wkf19oQg9/NRguIne4HY9WP1WM=",
      "requires": {
        "mdast": "^3.0.0",
        "mdast-builder": "^1.1.1",
        "react-docgen-typescript": "^1.20.4",
        "remark-stringify": "^8.1.1",
        "string-width": "^4.2.0",
        "tslib": "^2.0.1",
        "unified": "^9.2.0",
        "unist-builder": "^2.0.3",
        "y18n": "^5.0.2"
      }
    },
    "readable-stream": {
      "version": "3.6.0",
      "resolved": "https://registry.npm.taobao.org/readable-stream/download/readable-stream-3.6.0.tgz",
      "integrity": "sha1-M3u9o63AcGvT4CRCaihtS0sskZg=",
      "requires": {
        "inherits": "^2.0.3",
        "string_decoder": "^1.1.1",
        "util-deprecate": "^1.0.1"
      }
    },
    "remark-stringify": {
      "version": "8.1.1",
      "resolved": "https://registry.nlark.com/remark-stringify/download/remark-stringify-8.1.1.tgz",
      "integrity": "sha1-4qncenv0TkahVex4mW24lngNjOU=",
      "requires": {
        "ccount": "^1.0.0",
        "is-alphanumeric": "^1.0.0",
        "is-decimal": "^1.0.0",
        "is-whitespace-character": "^1.0.0",
        "longest-streak": "^2.0.1",
        "markdown-escapes": "^1.0.0",
        "markdown-table": "^2.0.0",
        "mdast-util-compact": "^2.0.0",
        "parse-entities": "^2.0.0",
        "repeat-string": "^1.5.4",
        "state-toggle": "^1.0.0",
        "stringify-entities": "^3.0.0",
        "unherit": "^1.0.4",
        "xtend": "^4.0.1"
      }
    },
    "repeat-string": {
      "version": "1.6.1",
      "resolved": "https://registry.npm.taobao.org/repeat-string/download/repeat-string-1.6.1.tgz",
      "integrity": "sha1-jcrkcOHIirwtYA//Sndihtp15jc="
    },
    "restore-cursor": {
      "version": "3.1.0",
      "resolved": "https://registry.nlark.com/restore-cursor/download/restore-cursor-3.1.0.tgz?cache=0&other_urls=https%3A%2F%2Fregistry.nlark.com%2Frestore-cursor%2Fdownload%2Frestore-cursor-3.1.0.tgz",
      "integrity": "sha1-OfZ8VLOnpYzqUjbZXPADQjljH34=",
      "requires": {
        "onetime": "^5.1.0",
        "signal-exit": "^3.0.2"
      }
    },
    "safe-buffer": {
      "version": "5.2.1",
      "resolved": "https://registry.npm.taobao.org/safe-buffer/download/safe-buffer-5.2.1.tgz?cache=0&sync_timestamp=1589129010497&other_urls=https%3A%2F%2Fregistry.npm.taobao.org%2Fsafe-buffer%2Fdownload%2Fsafe-buffer-5.2.1.tgz",
      "integrity": "sha1-Hq+fqb2x/dTsdfWPnNtOa3gn7sY="
    },
    "signal-exit": {
      "version": "3.0.3",
      "resolved": "https://registry.npm.taobao.org/signal-exit/download/signal-exit-3.0.3.tgz?cache=0&sync_timestamp=1585253373618&other_urls=https%3A%2F%2Fregistry.npm.taobao.org%2Fsignal-exit%2Fdownload%2Fsignal-exit-3.0.3.tgz",
      "integrity": "sha1-oUEMLt2PB3sItOJTyOrPyvBXRhw="
    },
    "state-toggle": {
      "version": "1.0.3",
      "resolved": "https://registry.npm.taobao.org/state-toggle/download/state-toggle-1.0.3.tgz",
      "integrity": "sha1-4SOxaojhQxObCcaFIiG8mBWRff4="
    },
    "string-width": {
      "version": "4.2.2",
      "resolved": "https://registry.nlark.com/string-width/download/string-width-4.2.2.tgz",
      "integrity": "sha1-2v1PlVmnWFz7pSnGoKT3NIjr1MU=",
      "requires": {
        "emoji-regex": "^8.0.0",
        "is-fullwidth-code-point": "^3.0.0",
        "strip-ansi": "^6.0.0"
      }
    },
    "string_decoder": {
      "version": "1.3.0",
      "resolved": "https://registry.npm.taobao.org/string_decoder/download/string_decoder-1.3.0.tgz",
      "integrity": "sha1-QvEUWUpGzxqOMLCoT1bHjD7awh4=",
      "requires": {
        "safe-buffer": "~5.2.0"
      }
    },
    "stringify-entities": {
      "version": "3.1.0",
      "resolved": "https://registry.nlark.com/stringify-entities/download/stringify-entities-3.1.0.tgz",
      "integrity": "sha1-uNP+rCVtn/zJ+h/v3PPKcFdu6QM=",
      "requires": {
        "character-entities-html4": "^1.0.0",
        "character-entities-legacy": "^1.0.0",
        "xtend": "^4.0.0"
      }
    },
    "strip-ansi": {
      "version": "6.0.0",
      "resolved": "https://registry.nlark.com/strip-ansi/download/strip-ansi-6.0.0.tgz",
      "integrity": "sha1-CxVx3XZpzNTz4G4U7x7tJiJa5TI=",
      "requires": {
        "ansi-regex": "^5.0.0"
      }
    },
    "supports-color": {
      "version": "7.2.0",
      "resolved": "https://registry.nlark.com/supports-color/download/supports-color-7.2.0.tgz",
      "integrity": "sha1-G33NyzK4E4gBs+R4umpRyqiWSNo=",
      "requires": {
        "has-flag": "^4.0.0"
      }
    },
    "trough": {
      "version": "1.0.5",
      "resolved": "https://registry.nlark.com/trough/download/trough-1.0.5.tgz",
      "integrity": "sha1-uLY5zvrX0LsqvTfUM/+Ck++l9AY="
    },
    "tslib": {
      "version": "2.3.1",
      "resolved": "https://registry.nlark.com/tslib/download/tslib-2.3.1.tgz?cache=0&sync_timestamp=1628722580350&other_urls=https%3A%2F%2Fregistry.nlark.com%2Ftslib%2Fdownload%2Ftslib-2.3.1.tgz",
      "integrity": "sha1-6KM1rdXOrlGqJh0ypJAVjvBC7wE="
    },
    "typescript": {
      "version": "4.2.3",
      "resolved": "https://registry.nlark.com/typescript/download/typescript-4.2.3.tgz?cache=0&sync_timestamp=1629703167885&other_urls=https%3A%2F%2Fregistry.nlark.com%2Ftypescript%2Fdownload%2Ftypescript-4.2.3.tgz",
      "integrity": "sha1-OQYtgBmRLUNyYpjwlJPVmASMHOM="
    },
    "unherit": {
      "version": "1.1.3",
      "resolved": "https://registry.nlark.com/unherit/download/unherit-1.1.3.tgz?cache=0&other_urls=https%3A%2F%2Fregistry.nlark.com%2Funherit%2Fdownload%2Funherit-1.1.3.tgz",
      "integrity": "sha1-bJtQPytBsmIzDIDpHIYUq9qmnCI=",
      "requires": {
        "inherits": "^2.0.0",
        "xtend": "^4.0.0"
      }
    },
    "unified": {
      "version": "9.2.2",
      "resolved": "https://registry.nlark.com/unified/download/unified-9.2.2.tgz",
      "integrity": "sha1-Z2SaGr/Dq4XSlpUCkCd16wMUaXU=",
      "requires": {
        "bail": "^1.0.0",
        "extend": "^3.0.0",
        "is-buffer": "^2.0.0",
        "is-plain-obj": "^2.0.0",
        "trough": "^1.0.0",
        "vfile": "^4.0.0"
      }
    },
    "unist-builder": {
      "version": "2.0.3",
      "resolved": "https://registry.nlark.com/unist-builder/download/unist-builder-2.0.3.tgz",
      "integrity": "sha1-d2SHEbXYavCULzNDl6M8XpFRZDY="
    },
    "unist-util-is": {
      "version": "4.1.0",
      "resolved": "https://registry.nlark.com/unist-util-is/download/unist-util-is-4.1.0.tgz?cache=0&sync_timestamp=1626876071708&other_urls=https%3A%2F%2Fregistry.nlark.com%2Funist-util-is%2Fdownload%2Funist-util-is-4.1.0.tgz",
      "integrity": "sha1-l25fRip6Xec9lLcGusG5BnG1d5c="
    },
    "unist-util-stringify-position": {
      "version": "2.0.3",
      "resolved": "https://registry.npm.taobao.org/unist-util-stringify-position/download/unist-util-stringify-position-2.0.3.tgz?cache=0&sync_timestamp=1618328136616&other_urls=https%3A%2F%2Fregistry.npm.taobao.org%2Funist-util-stringify-position%2Fdownload%2Funist-util-stringify-position-2.0.3.tgz",
      "integrity": "sha1-zOO/oc34W6c3XR1bF73Eytqb2do=",
      "requires": {
        "@types/unist": "^2.0.2"
      }
    },
    "unist-util-visit": {
      "version": "2.0.3",
      "resolved": "https://registry.nlark.com/unist-util-visit/download/unist-util-visit-2.0.3.tgz?cache=0&other_urls=https%3A%2F%2Fregistry.nlark.com%2Funist-util-visit%2Fdownload%2Funist-util-visit-2.0.3.tgz",
      "integrity": "sha1-w3A4kxRt9HIDu4qXla9H17lxIIw=",
      "requires": {
        "@types/unist": "^2.0.0",
        "unist-util-is": "^4.0.0",
        "unist-util-visit-parents": "^3.0.0"
      }
    },
    "unist-util-visit-parents": {
      "version": "3.1.1",
      "resolved": "https://registry.nlark.com/unist-util-visit-parents/download/unist-util-visit-parents-3.1.1.tgz",
      "integrity": "sha1-ZabOaY94prD1aqDojxOAGIbNrvY=",
      "requires": {
        "@types/unist": "^2.0.0",
        "unist-util-is": "^4.0.0"
      }
    },
    "util": {
      "version": "0.10.4",
      "resolved": "https://registry.nlark.com/util/download/util-0.10.4.tgz?cache=0&sync_timestamp=1622212943994&other_urls=https%3A%2F%2Fregistry.nlark.com%2Futil%2Fdownload%2Futil-0.10.4.tgz",
      "integrity": "sha1-OqASW/5mikZy3liFfTrOJ+y3aQE=",
      "requires": {
        "inherits": "2.0.3"
      },
      "dependencies": {
        "inherits": {
          "version": "2.0.3",
          "resolved": "https://registry.npm.taobao.org/inherits/download/inherits-2.0.3.tgz",
          "integrity": "sha1-Yzwsg+PaQqUC9SRmAiSA9CCCYd4="
        }
      }
    },
    "util-deprecate": {
      "version": "1.0.2",
      "resolved": "https://registry.npm.taobao.org/util-deprecate/download/util-deprecate-1.0.2.tgz",
      "integrity": "sha1-RQ1Nyfpw3nMnYvvS1KKJgUGaDM8="
    },
    "vfile": {
      "version": "4.2.1",
      "resolved": "https://registry.nlark.com/vfile/download/vfile-4.2.1.tgz",
      "integrity": "sha1-A/Hc4o/GJcYlvGUUNQ+9sA+p5iQ=",
      "requires": {
        "@types/unist": "^2.0.0",
        "is-buffer": "^2.0.0",
        "unist-util-stringify-position": "^2.0.0",
        "vfile-message": "^2.0.0"
      }
    },
    "vfile-message": {
      "version": "2.0.4",
      "resolved": "https://registry.nlark.com/vfile-message/download/vfile-message-2.0.4.tgz?cache=0&sync_timestamp=1628781084047&other_urls=https%3A%2F%2Fregistry.nlark.com%2Fvfile-message%2Fdownload%2Fvfile-message-2.0.4.tgz",
      "integrity": "sha1-W0O4gXHUCerlhHfRPyPdQdUsNxo=",
      "requires": {
        "@types/unist": "^2.0.0",
        "unist-util-stringify-position": "^2.0.0"
      }
    },
    "wcwidth": {
      "version": "1.0.1",
      "resolved": "https://registry.npm.taobao.org/wcwidth/download/wcwidth-1.0.1.tgz",
      "integrity": "sha1-8LDc+RW8X/FSivrbLA4XtTLaL+g=",
      "requires": {
        "defaults": "^1.0.3"
      }
    },
    "xtend": {
      "version": "4.0.2",
      "resolved": "https://registry.npm.taobao.org/xtend/download/xtend-4.0.2.tgz",
      "integrity": "sha1-u3J3n1+kZRhrH0OPZ0+jR/2121Q="
    },
    "y18n": {
      "version": "5.0.8",
      "resolved": "https://registry.nlark.com/y18n/download/y18n-5.0.8.tgz",
      "integrity": "sha1-f0k00PfKjFb5UxSTndzS3ZHOHVU="
    }
  }
}
